<?xml version="1.0" encoding="utf-8"?>
<Project ToolsVersion="4.0" xmlns="http://schemas.microsoft.com/developer/msbuild/2003">
  <ItemGroup>
    <Filter Include="Source Files">
      <UniqueIdentifier>{4FC737F1-C7A5-4376-A066-2A32D752A2FF}</UniqueIdentifier>
      <Extensions>cpp;c;cc;cxx;def;odl;idl;hpj;bat;asm;asmx</Extensions>
    </Filter>
    <Filter Include="Resource Files">
      <UniqueIdentifier>{67DA6AB6-F800-4c08-8B7A-83BB121AAD01}</UniqueIdentifier>
      <Extensions>rc;ico;cur;bmp;dlg;rc2;rct;bin;rgs;gif;jpg;jpeg;jpe;resx;tiff;tif;png;wav;mfcribbon-ms</Extensions>
    </Filter>
    <Filter Include="Qt">
      <UniqueIdentifier>{e5b38e7e-480e-4274-84b7-952c6fb7157d}</UniqueIdentifier>
    </Filter>
    <Filter Include="Qt\generated">
      <UniqueIdentifier>{0c916700-ed1e-4905-9f7b-56acf5767a31}</UniqueIdentifier>
    </Filter>
    <Filter Include="Shaders">
      <UniqueIdentifier>{bf83199f-cb5f-4230-bd48-2e7734160676}</UniqueIdentifier>
    </Filter>
    <Filter Include="Elements">
      <UniqueIdentifier>{957ec1ed-d20f-4531-9941-8185e2195bb9}</UniqueIdentifier>
    </Filter>
    <Filter Include="Engine - DirectX">
      <UniqueIdentifier>{df8d1dfb-1910-489c-9f0d-a34bc4d64c45}</UniqueIdentifier>
    </Filter>
    <Filter Include="Engine - OpenGL">
      <UniqueIdentifier>{037a360f-ff85-4e94-a30f-9cc03db07bef}</UniqueIdentifier>
    </Filter>
  </ItemGroup>
  <ItemGroup>
    <None Include="Assets\Lights.xml">
      <Filter>Resource Files</Filter>
    </None>
    <None Include="Assets\Meshes.xml">
      <Filter>Resource Files</Filter>
    </None>
    <None Include="..\.gitignore" />
    <None Include="..\readme.txt" />
    <None Include="qt\project\editor.ui">
      <Filter>Qt</Filter>
    </None>
    <None Include="qt\project\tweaker.ui">
      <Filter>Qt</Filter>
    </None>
  </ItemGroup>
  <ItemGroup>
    <ClCompile Include="application.cpp">
      <Filter>Source Files</Filter>
    </ClCompile>
    <ClCompile Include="logger.cpp">
      <Filter>Source Files</Filter>
    </ClCompile>
    <ClCompile Include="timer.cpp">
      <Filter>Source Files</Filter>
    </ClCompile>
    <ClCompile Include="scene.cpp">
      <Filter>Source Files</Filter>
    </ClCompile>
    <ClCompile Include="fragmentlinker.cpp">
      <Filter>Source Files</Filter>
    </ClCompile>
    <ClCompile Include="camera.cpp">
      <Filter>Source Files</Filter>
    </ClCompile>
    <ClCompile Include="directxengine.cpp">
      <Filter>Engine - DirectX</Filter>
    </ClCompile>
    <ClCompile Include="directxmesh.cpp">
      <Filter>Engine - DirectX</Filter>
    </ClCompile>
    <ClCompile Include="directxshader.cpp">
      <Filter>Engine - DirectX</Filter>
    </ClCompile>
    <ClCompile Include="directxtexture.cpp">
      <Filter>Engine - DirectX</Filter>
    </ClCompile>
    <ClCompile Include="main.cpp">
      <Filter>Source Files</Filter>
    </ClCompile>
    <ClCompile Include="directxtarget.cpp">
      <Filter>Engine - DirectX</Filter>
    </ClCompile>
    <ClCompile Include="qt\project\editor.cpp">
      <Filter>Qt</Filter>
    </ClCompile>
    <ClCompile Include="qt\project\tweaker.cpp">
      <Filter>Qt</Filter>
    </ClCompile>
    <ClCompile Include="qt\project\generated\moc\moc_editor.cpp">
      <Filter>Qt\generated</Filter>
    </ClCompile>
    <ClCompile Include="qt\project\generated\moc\moc_tweaker.cpp">
      <Filter>Qt\generated</Filter>
    </ClCompile>
    <ClCompile Include="gui.cpp">
      <Filter>Source Files</Filter>
    </ClCompile>
    <ClCompile Include="qt\project\tweakable_box.cpp">
      <Filter>Qt</Filter>
    </ClCompile>
    <ClCompile Include="qt\project\tweakable_value.cpp">
      <Filter>Qt</Filter>
    </ClCompile>
    <ClCompile Include="qt\project\generated\moc\moc_tweakable_box.cpp">
      <Filter>Qt\generated</Filter>
    </ClCompile>
    <ClCompile Include="qt\project\generated\moc\moc_tweakable_value.cpp">
      <Filter>Qt\generated</Filter>
    </ClCompile>
    <ClCompile Include="qt\project\tweakable_boxed_value.cpp">
      <Filter>Qt</Filter>
    </ClCompile>
    <ClCompile Include="qt\project\generated\moc\moc_tweakable_boxed_value.cpp">
      <Filter>Qt\generated</Filter>
    </ClCompile>
    <ClCompile Include="qt\project\tweakable_button.cpp">
      <Filter>Qt</Filter>
    </ClCompile>
    <ClCompile Include="qt\project\generated\moc\moc_tweakable_button.cpp">
      <Filter>Qt\generated</Filter>
    </ClCompile>
    <ClCompile Include="sceneModifier.cpp">
      <Filter>Source Files</Filter>
    </ClCompile>
    <ClCompile Include="directxemitter.cpp">
      <Filter>Engine - DirectX</Filter>
    </ClCompile>
    <ClCompile Include="diagnostic.cpp">
      <Filter>Source Files</Filter>
    </ClCompile>
    <ClCompile Include="emitter.cpp">
      <Filter>Elements</Filter>
    </ClCompile>
    <ClCompile Include="postprocessing.cpp">
      <Filter>Elements</Filter>
    </ClCompile>
    <ClCompile Include="mesh.cpp">
      <Filter>Elements</Filter>
    </ClCompile>
    <ClCompile Include="openglemitter.cpp">
      <Filter>Engine - OpenGL</Filter>
    </ClCompile>
    <ClCompile Include="openglengine.cpp">
      <Filter>Engine - OpenGL</Filter>
    </ClCompile>
    <ClCompile Include="openglmesh.cpp">
      <Filter>Engine - OpenGL</Filter>
    </ClCompile>
    <ClCompile Include="openglshader.cpp">
      <Filter>Engine - OpenGL</Filter>
    </ClCompile>
    <ClCompile Include="opengltarget.cpp">
      <Filter>Engine - OpenGL</Filter>
    </ClCompile>
    <ClCompile Include="opengltexture.cpp">
      <Filter>Engine - OpenGL</Filter>
    </ClCompile>
    <ClCompile Include="particle.cpp">
      <Filter>Elements</Filter>
    </ClCompile>
    <ClCompile Include="light.cpp">
      <Filter>Elements</Filter>
    </ClCompile>
    <ClCompile Include="meshdata.cpp">
      <Filter>Elements</Filter>
    </ClCompile>
    <ClCompile Include="water.cpp">
      <Filter>Elements</Filter>
    </ClCompile>
    <ClCompile Include="shader.cpp">
      <Filter>Elements</Filter>
    </ClCompile>
    <ClCompile Include="texture.cpp">
      <Filter>Elements</Filter>
    </ClCompile>
  </ItemGroup>
  <ItemGroup>
    <ClInclude Include="opengltexture.h">
      <Filter>Engine - OpenGL</Filter>
    </ClInclude>
    <ClInclude Include="openglcommon.h">
      <Filter>Engine - OpenGL</Filter>
    </ClInclude>
    <ClInclude Include="openglengine.h">
      <Filter>Engine - OpenGL</Filter>
    </ClInclude>
    <ClInclude Include="openglmesh.h">
      <Filter>Engine - OpenGL</Filter>
    </ClInclude>
    <ClInclude Include="openglshader.h">
      <Filter>Engine - OpenGL</Filter>
    </ClInclude>
    <ClInclude Include="opengltarget.h">
      <Filter>Engine - OpenGL</Filter>
    </ClInclude>
    <ClInclude Include="qt\project\editor.h">
      <Filter>Qt</Filter>
    </ClInclude>
    <ClInclude Include="qt\project\tweaker.h">
      <Filter>Qt</Filter>
    </ClInclude>
    <ClInclude Include="qt\project\generated\ui_editor.h">
      <Filter>Qt\generated</Filter>
    </ClInclude>
    <ClInclude Include="qt\project\generated\ui_tweaker.h">
      <Filter>Qt\generated</Filter>
    </ClInclude>
    <ClInclude Include="qt\project\tweakable_box.h">
      <Filter>Qt</Filter>
    </ClInclude>
    <ClInclude Include="qt\project\tweakable_value.h">
      <Filter>Qt</Filter>
    </ClInclude>
    <ClInclude Include="qt\project\tweakable_boxed_value.h">
      <Filter>Qt</Filter>
    </ClInclude>
    <ClInclude Include="qt\project\tweakable_button.h">
      <Filter>Qt</Filter>
    </ClInclude>
    <ClInclude Include="qt\project\tweakable.h">
      <Filter>Qt</Filter>
    </ClInclude>
    <ClInclude Include="openglemitter.h">
      <Filter>Engine - OpenGL</Filter>
    </ClInclude>
    <ClInclude Include="water.h">
      <Filter>Elements</Filter>
    </ClInclude>
    <ClInclude Include="postprocessing.h">
      <Filter>Elements</Filter>
    </ClInclude>
    <ClInclude Include="mesh.h">
      <Filter>Elements</Filter>
    </ClInclude>
    <ClInclude Include="light.h">
      <Filter>Elements</Filter>
    </ClInclude>
    <ClInclude Include="emitter.h">
      <Filter>Elements</Filter>
    </ClInclude>
    <ClInclude Include="texture.h">
      <Filter>Elements</Filter>
    </ClInclude>
    <ClInclude Include="shader.h">
      <Filter>Elements</Filter>
    </ClInclude>
    <ClInclude Include="directxtexture.h">
      <Filter>Engine - DirectX</Filter>
    </ClInclude>
    <ClInclude Include="directxcommon.h">
      <Filter>Engine - DirectX</Filter>
    </ClInclude>
    <ClInclude Include="directxemitter.h">
      <Filter>Engine - DirectX</Filter>
    </ClInclude>
    <ClInclude Include="directxengine.h">
      <Filter>Engine - DirectX</Filter>
    </ClInclude>
    <ClInclude Include="directxmesh.h">
      <Filter>Engine - DirectX</Filter>
    </ClInclude>
    <ClInclude Include="directxshader.h">
      <Filter>Engine - DirectX</Filter>
    </ClInclude>
    <ClInclude Include="directxtarget.h">
      <Filter>Engine - DirectX</Filter>
    </ClInclude>
    <ClInclude Include="particle.h">
      <Filter>Elements</Filter>
    </ClInclude>
    <ClInclude Include="meshdata.h">
      <Filter>Elements</Filter>
    </ClInclude>
    <ClInclude Include="timer.h">
      <Filter>Source Files</Filter>
    </ClInclude>
    <ClInclude Include="application.h">
      <Filter>Source Files</Filter>
    </ClInclude>
    <ClInclude Include="cache.h">
      <Filter>Source Files</Filter>
    </ClInclude>
    <ClInclude Include="camera.h">
      <Filter>Source Files</Filter>
    </ClInclude>
    <ClInclude Include="colour.h">
      <Filter>Source Files</Filter>
    </ClInclude>
    <ClInclude Include="common.h">
      <Filter>Source Files</Filter>
    </ClInclude>
    <ClInclude Include="diagnostic.h">
      <Filter>Source Files</Filter>
    </ClInclude>
    <ClInclude Include="float3.h">
      <Filter>Source Files</Filter>
    </ClInclude>
    <ClInclude Include="fragmentlinker.h">
      <Filter>Source Files</Filter>
    </ClInclude>
    <ClInclude Include="gui.h">
      <Filter>Source Files</Filter>
    </ClInclude>
    <ClInclude Include="logger.h">
      <Filter>Source Files</Filter>
    </ClInclude>
    <ClInclude Include="matrix.h">
      <Filter>Source Files</Filter>
    </ClInclude>
    <ClInclude Include="ptree_utilities.h">
      <Filter>Source Files</Filter>
    </ClInclude>
    <ClInclude Include="renderdata.h">
      <Filter>Source Files</Filter>
    </ClInclude>
    <ClInclude Include="renderengine.h">
      <Filter>Source Files</Filter>
    </ClInclude>
    <ClInclude Include="scene.h">
      <Filter>Source Files</Filter>
    </ClInclude>
    <ClInclude Include="sceneInterface.h">
      <Filter>Source Files</Filter>
    </ClInclude>
    <ClInclude Include="sceneModifier.h">
      <Filter>Source Files</Filter>
    </ClInclude>
  </ItemGroup>
  <ItemGroup>
    <Text Include="Assets\Shaders\shader_glsl_frag.fx">
      <Filter>Shaders</Filter>
    </Text>
    <Text Include="Assets\Shaders\shader_glsl_vert.fx">
      <Filter>Shaders</Filter>
    </Text>
  </ItemGroup>
  <ItemGroup>
    <FxCompile Include="Assets\Shaders\particle_glsl_frag.fx">
      <Filter>Shaders</Filter>
    </FxCompile>
    <FxCompile Include="Assets\Shaders\particle_glsl_vert.fx">
      <Filter>Shaders</Filter>
    </FxCompile>
    <FxCompile Include="Assets\Shaders\particle_hlsl.fx">
      <Filter>Shaders</Filter>
    </FxCompile>
    <FxCompile Include="Assets\Shaders\shader_hlsl.fx">
      <Filter>Shaders</Filter>
    </FxCompile>
    <FxCompile Include="Assets\Shaders\water_glsl_frag.fx">
      <Filter>Shaders</Filter>
    </FxCompile>
    <FxCompile Include="Assets\Shaders\water_glsl_vert.fx">
      <Filter>Shaders</Filter>
    </FxCompile>
    <FxCompile Include="Assets\Shaders\water_hlsl.fx">
      <Filter>Shaders</Filter>
    </FxCompile>
    <FxCompile Include="Assets\Shaders\diagnostic_glsl_frag.fx">
      <Filter>Shaders</Filter>
    </FxCompile>
    <FxCompile Include="Assets\Shaders\diagnostic_glsl_vert.fx">
      <Filter>Shaders</Filter>
    </FxCompile>
    <FxCompile Include="Assets\Shaders\diagnostic_hlsl.fx">
      <Filter>Shaders</Filter>
    </FxCompile>
    <FxCompile Include="Assets\Shaders\blur_horizontal_glsl_frag.fx">
      <Filter>Shaders</Filter>
    </FxCompile>
    <FxCompile Include="Assets\Shaders\blur_horizontal_glsl_vert.fx">
      <Filter>Shaders</Filter>
    </FxCompile>
    <FxCompile Include="Assets\Shaders\blur_horizontal_hlsl.fx">
      <Filter>Shaders</Filter>
    </FxCompile>
    <FxCompile Include="Assets\Shaders\blur_vertical_glsl_frag.fx">
      <Filter>Shaders</Filter>
    </FxCompile>
    <FxCompile Include="Assets\Shaders\blur_vertical_glsl_vert.fx">
      <Filter>Shaders</Filter>
    </FxCompile>
    <FxCompile Include="Assets\Shaders\blur_vertical_hlsl.fx">
      <Filter>Shaders</Filter>
    </FxCompile>
    <FxCompile Include="Assets\Shaders\pre_effects_glsl_frag.fx">
      <Filter>Shaders</Filter>
    </FxCompile>
    <FxCompile Include="Assets\Shaders\pre_effects_glsl_vert.fx">
      <Filter>Shaders</Filter>
    </FxCompile>
    <FxCompile Include="Assets\Shaders\pre_effects_hlsl.fx">
      <Filter>Shaders</Filter>
    </FxCompile>
    <FxCompile Include="Assets\Shaders\post_effects_hlsl.fx">
      <Filter>Shaders</Filter>
    </FxCompile>
    <FxCompile Include="Assets\Shaders\post_effects_glsl_vert.fx">
      <Filter>Shaders</Filter>
    </FxCompile>
    <FxCompile Include="Assets\Shaders\post_effects_glsl_frag.fx">
      <Filter>Shaders</Filter>
    </FxCompile>
  </ItemGroup>
  <ItemGroup>
    <Xml Include="Assets\PostProcessing.xml">
      <Filter>Resource Files</Filter>
    </Xml>
    <Xml Include="Assets\Emitters.xml">
      <Filter>Resource Files</Filter>
    </Xml>
  </ItemGroup>
</Project>