<?xml version="1.0" encoding="utf-8"?>
<Project ToolsVersion="4.0" xmlns="http://schemas.microsoft.com/developer/msbuild/2003">
  <ItemGroup>
    <Filter Include="Source Files">
      <UniqueIdentifier>{4FC737F1-C7A5-4376-A066-2A32D752A2FF}</UniqueIdentifier>
      <Extensions>cpp;c;cc;cxx;def;odl;idl;hpj;bat;asm;asmx</Extensions>
    </Filter>
    <Filter Include="Header Files">
      <UniqueIdentifier>{93995380-89BD-4b04-88EB-625FBE52EBFB}</UniqueIdentifier>
      <Extensions>h;hpp;hxx;hm;inl;inc;xsd</Extensions>
    </Filter>
    <Filter Include="Resource Files">
      <UniqueIdentifier>{67DA6AB6-F800-4c08-8B7A-83BB121AAD01}</UniqueIdentifier>
      <Extensions>rc;ico;cur;bmp;dlg;rc2;rct;bin;rgs;gif;jpg;jpeg;jpe;resx;tiff;tif;png;wav;mfcribbon-ms</Extensions>
    </Filter>
  </ItemGroup>
  <ItemGroup>
    <None Include="logfile.txt" />
    <None Include="Assets\Lights.xml">
      <Filter>Resource Files</Filter>
    </None>
    <None Include="Assets\Meshes.xml">
      <Filter>Resource Files</Filter>
    </None>
    <None Include="Assets\Shaders\normalshader.frag">
      <Filter>Resource Files</Filter>
    </None>
    <None Include="Assets\Shaders\postshader.frag">
      <Filter>Resource Files</Filter>
    </None>
    <None Include="Assets\Shaders\postshader.vert">
      <Filter>Resource Files</Filter>
    </None>
    <None Include="Assets\Shaders\shader.frag">
      <Filter>Resource Files</Filter>
    </None>
    <None Include="Assets\Shaders\shader.vert">
      <Filter>Resource Files</Filter>
    </None>
    <None Include="..\.gitignore" />
    <None Include="..\readme.txt" />
    <None Include="Assets\Shaders\normalshader.vert">
      <Filter>Resource Files</Filter>
    </None>
    <None Include="Assets\Shaders\shader.hlsl">
      <Filter>Resource Files</Filter>
    </None>
  </ItemGroup>
  <ItemGroup>
    <ClCompile Include="main.cpp">
      <Filter>Source Files</Filter>
    </ClCompile>
    <ClCompile Include="application.cpp">
      <Filter>Source Files</Filter>
    </ClCompile>
    <ClCompile Include="logger.cpp">
      <Filter>Source Files</Filter>
    </ClCompile>
    <ClCompile Include="openglengine.cpp">
      <Filter>Source Files</Filter>
    </ClCompile>
    <ClCompile Include="timer.cpp">
      <Filter>Source Files</Filter>
    </ClCompile>
    <ClCompile Include="scene.cpp">
      <Filter>Source Files</Filter>
    </ClCompile>
    <ClCompile Include="fragmentlinker.cpp">
      <Filter>Source Files</Filter>
    </ClCompile>
    <ClCompile Include="directxengine.cpp">
      <Filter>Source Files</Filter>
    </ClCompile>
    <ClCompile Include="openglshader.cpp">
      <Filter>Source Files</Filter>
    </ClCompile>
    <ClCompile Include="directxshader.cpp">
      <Filter>Source Files</Filter>
    </ClCompile>
  </ItemGroup>
  <ItemGroup>
    <ClInclude Include="application.h">
      <Filter>Header Files</Filter>
    </ClInclude>
    <ClInclude Include="common.h">
      <Filter>Header Files</Filter>
    </ClInclude>
    <ClInclude Include="logger.h">
      <Filter>Header Files</Filter>
    </ClInclude>
    <ClInclude Include="renderengine.h">
      <Filter>Header Files</Filter>
    </ClInclude>
    <ClInclude Include="openglengine.h">
      <Filter>Header Files</Filter>
    </ClInclude>
    <ClInclude Include="matrix.h">
      <Filter>Header Files</Filter>
    </ClInclude>
    <ClInclude Include="float3.h">
      <Filter>Header Files</Filter>
    </ClInclude>
    <ClInclude Include="timer.h">
      <Filter>Header Files</Filter>
    </ClInclude>
    <ClInclude Include="scene.h">
      <Filter>Header Files</Filter>
    </ClInclude>
    <ClInclude Include="fragmentlinker.h">
      <Filter>Header Files</Filter>
    </ClInclude>
    <ClInclude Include="elements.h">
      <Filter>Header Files</Filter>
    </ClInclude>
    <ClInclude Include="directxengine.h">
      <Filter>Header Files</Filter>
    </ClInclude>
    <ClInclude Include="openglshader.h">
      <Filter>Header Files</Filter>
    </ClInclude>
    <ClInclude Include="openglcommon.h">
      <Filter>Header Files</Filter>
    </ClInclude>
    <ClInclude Include="directxcommon.h">
      <Filter>Header Files</Filter>
    </ClInclude>
    <ClInclude Include="directxshader.h">
      <Filter>Header Files</Filter>
    </ClInclude>
  </ItemGroup>
</Project>